
Microsoft Visual Studio Solution File, Format Version 12.00
# Visual Studio Version 17
VisualStudioVersion = 17.0.31903.59
MinimumVisualStudioVersion = 10.0.40219.1
Project("{2150E333-8FDC-42A3-9474-1A3956D46DE8}") = "src", "src", "{827E0CD3-B72D-47B6-A68D-7590B98EB39B}"
EndProject
Project("{FAE04EC0-301F-11D3-BF4B-00C04F79EFBC}") = "PyVSwitch.Core", "src\PyVSwitch.Core\PyVSwitch.Core.csproj", "{715A306E-86A3-470C-AD7F-3ECF3C31584C}"
EndProject
Project("{FAE04EC0-301F-11D3-BF4B-00C04F79EFBC}") = "PyVSwitch.Cli", "src\PyVSwitch.Cli\PyVSwitch.Cli.csproj", "{6F5B9833-4EFE-4C30-8002-D3A953D8C8CF}"
EndProject
Project("{2150E333-8FDC-42A3-9474-1A3956D46DE8}") = "tests", "tests", "{0AB3BF05-4346-4AA6-1389-037BE0695223}"
EndProject
Project("{FAE04EC0-301F-11D3-BF4B-00C04F79EFBC}") = "PyVSwitch.Tests", "tests\PyVSwitch.Tests\PyVSwitch.Tests.csproj", "{5A8DAE42-4F2C-4402-A8A6-CACE7A9A3344}"
EndProject
Project("{FAE04EC0-301F-11D3-BF4B-00C04F79EFBC}") = "PyVSwitch.App", "src\PyVSwitch.App\PyVSwitch.App.csproj", "{261B1213-C9AA-48DD-B7E9-93583DD42F8E}"
EndProject
Global
	GlobalSection(SolutionConfigurationPlatforms) = preSolution
		Debug|Any CPU = Debug|Any CPU
		Debug|x64 = Debug|x64
		Debug|x86 = Debug|x86
		Release|Any CPU = Release|Any CPU
		Release|x64 = Release|x64
		Release|x86 = Release|x86
	EndGlobalSection
	GlobalSection(ProjectConfigurationPlatforms) = postSolution
		{715A306E-86A3-470C-AD7F-3ECF3C31584C}.Debug|Any CPU.ActiveCfg = Debug|Any CPU
		{715A306E-86A3-470C-AD7F-3ECF3C31584C}.Debug|Any CPU.Build.0 = Debug|Any CPU
		{715A306E-86A3-470C-AD7F-3ECF3C31584C}.Debug|x64.ActiveCfg = Debug|Any CPU
		{715A306E-86A3-470C-AD7F-3ECF3C31584C}.Debug|x64.Build.0 = Debug|Any CPU
		{715A306E-86A3-470C-AD7F-3ECF3C31584C}.Debug|x86.ActiveCfg = Debug|Any CPU
		{715A306E-86A3-470C-AD7F-3ECF3C31584C}.Debug|x86.Build.0 = Debug|Any CPU
		{715A306E-86A3-470C-AD7F-3ECF3C31584C}.Release|Any CPU.ActiveCfg = Release|Any CPU
		{715A306E-86A3-470C-AD7F-3ECF3C31584C}.Release|Any CPU.Build.0 = Release|Any CPU
		{715A306E-86A3-470C-AD7F-3ECF3C31584C}.Release|x64.ActiveCfg = Release|Any CPU
		{715A306E-86A3-470C-AD7F-3ECF3C31584C}.Release|x64.Build.0 = Release|Any CPU
		{715A306E-86A3-470C-AD7F-3ECF3C31584C}.Release|x86.ActiveCfg = Release|Any CPU
		{715A306E-86A3-470C-AD7F-3ECF3C31584C}.Release|x86.Build.0 = Release|Any CPU
		{6F5B9833-4EFE-4C30-8002-D3A953D8C8CF}.Debug|Any CPU.ActiveCfg = Debug|Any CPU
		{6F5B9833-4EFE-4C30-8002-D3A953D8C8CF}.Debug|Any CPU.Build.0 = Debug|Any CPU
		{6F5B9833-4EFE-4C30-8002-D3A953D8C8CF}.Debug|x64.ActiveCfg = Debug|Any CPU
		{6F5B9833-4EFE-4C30-8002-D3A953D8C8CF}.Debug|x64.Build.0 = Debug|Any CPU
		{6F5B9833-4EFE-4C30-8002-D3A953D8C8CF}.Debug|x86.ActiveCfg = Debug|Any CPU
		{6F5B9833-4EFE-4C30-8002-D3A953D8C8CF}.Debug|x86.Build.0 = Debug|Any CPU
		{6F5B9833-4EFE-4C30-8002-D3A953D8C8CF}.Release|Any CPU.ActiveCfg = Release|Any CPU
		{6F5B9833-4EFE-4C30-8002-D3A953D8C8CF}.Release|Any CPU.Build.0 = Release|Any CPU
		{6F5B9833-4EFE-4C30-8002-D3A953D8C8CF}.Release|x64.ActiveCfg = Release|Any CPU
		{6F5B9833-4EFE-4C30-8002-D3A953D8C8CF}.Release|x64.Build.0 = Release|Any CPU
		{6F5B9833-4EFE-4C30-8002-D3A953D8C8CF}.Release|x86.ActiveCfg = Release|Any CPU
		{6F5B9833-4EFE-4C30-8002-D3A953D8C8CF}.Release|x86.Build.0 = Release|Any CPU
		{5A8DAE42-4F2C-4402-A8A6-CACE7A9A3344}.Debug|Any CPU.ActiveCfg = Debug|Any CPU
		{5A8DAE42-4F2C-4402-A8A6-CACE7A9A3344}.Debug|Any CPU.Build.0 = Debug|Any CPU
		{5A8DAE42-4F2C-4402-A8A6-CACE7A9A3344}.Debug|x64.ActiveCfg = Debug|Any CPU
		{5A8DAE42-4F2C-4402-A8A6-CACE7A9A3344}.Debug|x64.Build.0 = Debug|Any CPU
		{5A8DAE42-4F2C-4402-A8A6-CACE7A9A3344}.Debug|x86.ActiveCfg = Debug|Any CPU
		{5A8DAE42-4F2C-4402-A8A6-CACE7A9A3344}.Debug|x86.Build.0 = Debug|Any CPU
		{5A8DAE42-4F2C-4402-A8A6-CACE7A9A3344}.Release|Any CPU.ActiveCfg = Release|Any CPU
		{5A8DAE42-4F2C-4402-A8A6-CACE7A9A3344}.Release|Any CPU.Build.0 = Release|Any CPU
		{5A8DAE42-4F2C-4402-A8A6-CACE7A9A3344}.Release|x64.ActiveCfg = Release|Any CPU
		{5A8DAE42-4F2C-4402-A8A6-CACE7A9A3344}.Release|x64.Build.0 = Release|Any CPU
		{5A8DAE42-4F2C-4402-A8A6-CACE7A9A3344}.Release|x86.ActiveCfg = Release|Any CPU
		{5A8DAE42-4F2C-4402-A8A6-CACE7A9A3344}.Release|x86.Build.0 = Release|Any CPU
		{261B1213-C9AA-48DD-B7E9-93583DD42F8E}.Debug|Any CPU.ActiveCfg = Debug|Any CPU
		{261B1213-C9AA-48DD-B7E9-93583DD42F8E}.Debug|Any CPU.Build.0 = Debug|Any CPU
		{261B1213-C9AA-48DD-B7E9-93583DD42F8E}.Debug|x64.ActiveCfg = Debug|Any CPU
		{261B1213-C9AA-48DD-B7E9-93583DD42F8E}.Debug|x64.Build.0 = Debug|Any CPU
		{261B1213-C9AA-48DD-B7E9-93583DD42F8E}.Debug|x86.ActiveCfg = Debug|Any CPU
		{261B1213-C9AA-48DD-B7E9-93583DD42F8E}.Debug|x86.Build.0 = Debug|Any CPU
		{261B1213-C9AA-48DD-B7E9-93583DD42F8E}.Release|Any CPU.ActiveCfg = Release|Any CPU
		{261B1213-C9AA-48DD-B7E9-93583DD42F8E}.Release|Any CPU.Build.0 = Release|Any CPU
		{261B1213-C9AA-48DD-B7E9-93583DD42F8E}.Release|x64.ActiveCfg = Release|Any CPU
		{261B1213-C9AA-48DD-B7E9-93583DD42F8E}.Release|x64.Build.0 = Release|Any CPU
		{261B1213-C9AA-48DD-B7E9-93583DD42F8E}.Release|x86.ActiveCfg = Release|Any CPU
		{261B1213-C9AA-48DD-B7E9-93583DD42F8E}.Release|x86.Build.0 = Release|Any CPU
	EndGlobalSection
	GlobalSection(SolutionProperties) = preSolution
		HideSolutionNode = FALSE
	EndGlobalSection
	GlobalSection(NestedProjects) = preSolution
		{715A306E-86A3-470C-AD7F-3ECF3C31584C} = {827E0CD3-B72D-47B6-A68D-7590B98EB39B}
		{6F5B9833-4EFE-4C30-8002-D3A953D8C8CF} = {827E0CD3-B72D-47B6-A68D-7590B98EB39B}
		{5A8DAE42-4F2C-4402-A8A6-CACE7A9A3344} = {0AB3BF05-4346-4AA6-1389-037BE0695223}
		{261B1213-C9AA-48DD-B7E9-93583DD42F8E} = {827E0CD3-B72D-47B6-A68D-7590B98EB39B}
	EndGlobalSection
EndGlobal
